
Microsoft Visual Studio Solution File, Format Version 12.00
# Visual Studio Version 16
VisualStudioVersion = 16.0.30717.126
MinimumVisualStudioVersion = 10.0.40219.1
Project("{9A19103F-16F7-4668-BE54-9A1E7A4F7556}") = "Day1_1", "Day1_1\Day1_1.csproj", "{6C1A2892-A474-4CC3-8E1D-5F3FC24C50AF}"
EndProject
Project("{9A19103F-16F7-4668-BE54-9A1E7A4F7556}") = "Day1_2", "Day1_2\Day1_2.csproj", "{8C6F28F3-E293-4091-B9E7-38743A188E85}"
EndProject
Project("{9A19103F-16F7-4668-BE54-9A1E7A4F7556}") = "Day2_1", "Day2_1\Day2_1.csproj", "{278723E4-14D6-48C8-978C-08A0895CD02D}"
EndProject
Project("{9A19103F-16F7-4668-BE54-9A1E7A4F7556}") = "Day2_2", "Day2_2\Day2_2.csproj", "{64C7AF9B-068D-4B8C-9A13-DF14419500AA}"
EndProject
Project("{9A19103F-16F7-4668-BE54-9A1E7A4F7556}") = "Day3_1", "Day3_1\Day3_1.csproj", "{9FA34288-8DFE-4949-97C7-CB640160EAD4}"
EndProject
Project("{9A19103F-16F7-4668-BE54-9A1E7A4F7556}") = "Day3_2", "Day3_2\Day3_2.csproj", "{D6637399-C389-4437-8C58-0653F374FCB5}"
EndProject
Project("{9A19103F-16F7-4668-BE54-9A1E7A4F7556}") = "Day4_1", "Day4_1\Day4_1.csproj", "{312EBA28-8019-4182-B26B-63D9A17D52D5}"
EndProject
Project("{FAE04EC0-301F-11D3-BF4B-00C04F79EFBC}") = "Day4_2", "Day4_2\Day4_2.csproj", "{03EB4A92-A60F-488D-AEF6-FE4C441B85FB}"
EndProject
Project("{FAE04EC0-301F-11D3-BF4B-00C04F79EFBC}") = "Day5_1", "Day5_1\Day5_1.csproj", "{43A788EF-1C81-4A99-AC8B-7855217EED2D}"
EndProject
Project("{FAE04EC0-301F-11D3-BF4B-00C04F79EFBC}") = "Day5_2", "Day5_2\Day5_2.csproj", "{D0D3998C-157E-461D-9ECE-617E9C365CDF}"
EndProject
Project("{FAE04EC0-301F-11D3-BF4B-00C04F79EFBC}") = "Day6_1", "Day6_1\Day6_1.csproj", "{43970F02-1DD1-45BA-A433-CF86E0C582EA}"
EndProject
Global
	GlobalSection(SolutionConfigurationPlatforms) = preSolution
		Debug|Any CPU = Debug|Any CPU
		Release|Any CPU = Release|Any CPU
	EndGlobalSection
	GlobalSection(ProjectConfigurationPlatforms) = postSolution
		{6C1A2892-A474-4CC3-8E1D-5F3FC24C50AF}.Debug|Any CPU.ActiveCfg = Debug|Any CPU
		{6C1A2892-A474-4CC3-8E1D-5F3FC24C50AF}.Debug|Any CPU.Build.0 = Debug|Any CPU
		{6C1A2892-A474-4CC3-8E1D-5F3FC24C50AF}.Release|Any CPU.ActiveCfg = Release|Any CPU
		{6C1A2892-A474-4CC3-8E1D-5F3FC24C50AF}.Release|Any CPU.Build.0 = Release|Any CPU
		{8C6F28F3-E293-4091-B9E7-38743A188E85}.Debug|Any CPU.ActiveCfg = Debug|Any CPU
		{8C6F28F3-E293-4091-B9E7-38743A188E85}.Debug|Any CPU.Build.0 = Debug|Any CPU
		{8C6F28F3-E293-4091-B9E7-38743A188E85}.Release|Any CPU.ActiveCfg = Release|Any CPU
		{8C6F28F3-E293-4091-B9E7-38743A188E85}.Release|Any CPU.Build.0 = Release|Any CPU
		{278723E4-14D6-48C8-978C-08A0895CD02D}.Debug|Any CPU.ActiveCfg = Debug|Any CPU
		{278723E4-14D6-48C8-978C-08A0895CD02D}.Debug|Any CPU.Build.0 = Debug|Any CPU
		{278723E4-14D6-48C8-978C-08A0895CD02D}.Release|Any CPU.ActiveCfg = Release|Any CPU
		{278723E4-14D6-48C8-978C-08A0895CD02D}.Release|Any CPU.Build.0 = Release|Any CPU
		{64C7AF9B-068D-4B8C-9A13-DF14419500AA}.Debug|Any CPU.ActiveCfg = Debug|Any CPU
		{64C7AF9B-068D-4B8C-9A13-DF14419500AA}.Debug|Any CPU.Build.0 = Debug|Any CPU
		{64C7AF9B-068D-4B8C-9A13-DF14419500AA}.Release|Any CPU.ActiveCfg = Release|Any CPU
		{64C7AF9B-068D-4B8C-9A13-DF14419500AA}.Release|Any CPU.Build.0 = Release|Any CPU
		{9FA34288-8DFE-4949-97C7-CB640160EAD4}.Debug|Any CPU.ActiveCfg = Debug|Any CPU
		{9FA34288-8DFE-4949-97C7-CB640160EAD4}.Debug|Any CPU.Build.0 = Debug|Any CPU
		{9FA34288-8DFE-4949-97C7-CB640160EAD4}.Release|Any CPU.ActiveCfg = Release|Any CPU
		{9FA34288-8DFE-4949-97C7-CB640160EAD4}.Release|Any CPU.Build.0 = Release|Any CPU
		{D6637399-C389-4437-8C58-0653F374FCB5}.Debug|Any CPU.ActiveCfg = Debug|Any CPU
		{D6637399-C389-4437-8C58-0653F374FCB5}.Debug|Any CPU.Build.0 = Debug|Any CPU
		{D6637399-C389-4437-8C58-0653F374FCB5}.Release|Any CPU.ActiveCfg = Release|Any CPU
		{D6637399-C389-4437-8C58-0653F374FCB5}.Release|Any CPU.Build.0 = Release|Any CPU
		{312EBA28-8019-4182-B26B-63D9A17D52D5}.Debug|Any CPU.ActiveCfg = Debug|Any CPU
		{312EBA28-8019-4182-B26B-63D9A17D52D5}.Debug|Any CPU.Build.0 = Debug|Any CPU
		{312EBA28-8019-4182-B26B-63D9A17D52D5}.Release|Any CPU.ActiveCfg = Release|Any CPU
		{312EBA28-8019-4182-B26B-63D9A17D52D5}.Release|Any CPU.Build.0 = Release|Any CPU
		{03EB4A92-A60F-488D-AEF6-FE4C441B85FB}.Debug|Any CPU.ActiveCfg = Debug|Any CPU
		{03EB4A92-A60F-488D-AEF6-FE4C441B85FB}.Debug|Any CPU.Build.0 = Debug|Any CPU
		{03EB4A92-A60F-488D-AEF6-FE4C441B85FB}.Release|Any CPU.ActiveCfg = Release|Any CPU
		{03EB4A92-A60F-488D-AEF6-FE4C441B85FB}.Release|Any CPU.Build.0 = Release|Any CPU
		{43A788EF-1C81-4A99-AC8B-7855217EED2D}.Debug|Any CPU.ActiveCfg = Debug|Any CPU
		{43A788EF-1C81-4A99-AC8B-7855217EED2D}.Debug|Any CPU.Build.0 = Debug|Any CPU
		{43A788EF-1C81-4A99-AC8B-7855217EED2D}.Release|Any CPU.ActiveCfg = Release|Any CPU
		{43A788EF-1C81-4A99-AC8B-7855217EED2D}.Release|Any CPU.Build.0 = Release|Any CPU
		{D0D3998C-157E-461D-9ECE-617E9C365CDF}.Debug|Any CPU.ActiveCfg = Debug|Any CPU
		{D0D3998C-157E-461D-9ECE-617E9C365CDF}.Debug|Any CPU.Build.0 = Debug|Any CPU
		{D0D3998C-157E-461D-9ECE-617E9C365CDF}.Release|Any CPU.ActiveCfg = Release|Any CPU
		{D0D3998C-157E-461D-9ECE-617E9C365CDF}.Release|Any CPU.Build.0 = Release|Any CPU
		{43970F02-1DD1-45BA-A433-CF86E0C582EA}.Debug|Any CPU.ActiveCfg = Debug|Any CPU
		{43970F02-1DD1-45BA-A433-CF86E0C582EA}.Debug|Any CPU.Build.0 = Debug|Any CPU
		{43970F02-1DD1-45BA-A433-CF86E0C582EA}.Release|Any CPU.ActiveCfg = Release|Any CPU
		{43970F02-1DD1-45BA-A433-CF86E0C582EA}.Release|Any CPU.Build.0 = Release|Any CPU
	EndGlobalSection
	GlobalSection(SolutionProperties) = preSolution
		HideSolutionNode = FALSE
	EndGlobalSection
	GlobalSection(ExtensibilityGlobals) = postSolution
		SolutionGuid = {BFB2FAB6-5DF7-4791-A8F3-ADC7118735B9}
	EndGlobalSection
EndGlobal
